<?xml version="1.0" encoding="utf-8"?>
<Project ToolsVersion="4.0" xmlns="http://schemas.microsoft.com/developer/msbuild/2003">
  <ItemGroup>
    <Filter Include="Source Files">
      <UniqueIdentifier>{4FC737F1-C7A5-4376-A066-2A32D752A2FF}</UniqueIdentifier>
      <Extensions>cpp;c;cc;cxx;def;odl;idl;hpj;bat;asm;asmx</Extensions>
    </Filter>
    <Filter Include="Header Files">
      <UniqueIdentifier>{93995380-89BD-4b04-88EB-625FBE52EBFB}</UniqueIdentifier>
      <Extensions>h;hh;hpp;hxx;hm;inl;inc;ipp;xsd</Extensions>
    </Filter>
    <Filter Include="Resource Files">
      <UniqueIdentifier>{67DA6AB6-F800-4c08-8B7A-83BB121AAD01}</UniqueIdentifier>
      <Extensions>rc;ico;cur;bmp;dlg;rc2;rct;bin;rgs;gif;jpg;jpeg;jpe;resx;tiff;tif;png;wav;mfcribbon-ms</Extensions>
    </Filter>
    <Filter Include="Header Files\objects">
      <UniqueIdentifier>{919e95e2-491c-414a-b7c9-3f6e8a396db7}</UniqueIdentifier>
    </Filter>
    <Filter Include="Source Files\objects">
      <UniqueIdentifier>{dd48a686-20c0-4546-9572-e196738f1e6a}</UniqueIdentifier>
    </Filter>
    <Filter Include="Header Files\shapes">
      <UniqueIdentifier>{a0ae2182-bb6e-48bf-8394-aa68300030ac}</UniqueIdentifier>
    </Filter>
    <Filter Include="Source Files\shapes">
      <UniqueIdentifier>{5e3bfd60-ed6d-4de3-b84c-b57c9a199ba4}</UniqueIdentifier>
    </Filter>
  </ItemGroup>
  <ItemGroup>
    <ClInclude Include="framework.h">
      <Filter>Header Files</Filter>
    </ClInclude>
    <ClInclude Include="targetver.h">
      <Filter>Header Files</Filter>
    </ClInclude>
    <ClInclude Include="Resource.h">
      <Filter>Header Files</Filter>
    </ClInclude>
    <ClInclude Include="RogueEd.h">
      <Filter>Header Files</Filter>
    </ClInclude>
    <ClInclude Include="DataIO.h">
      <Filter>Header Files</Filter>
    </ClInclude>
    <ClInclude Include="Graphics.h">
      <Filter>Header Files</Filter>
    </ClInclude>
    <ClInclude Include="D3DSystem.h">
      <Filter>Header Files</Filter>
    </ClInclude>
    <ClInclude Include="HOB.h">
      <Filter>Header Files</Filter>
    </ClInclude>
    <ClInclude Include="HMT.h">
      <Filter>Header Files</Filter>
    </ClInclude>
    <ClInclude Include="MainSystem.h">
      <Filter>Header Files</Filter>
    </ClInclude>
    <ClInclude Include="TestShader.h">
      <Filter>Header Files</Filter>
    </ClInclude>
    <ClInclude Include="TestCamera.h">
      <Filter>Header Files</Filter>
    </ClInclude>
    <ClInclude Include="ModelCommonTypes.h">
      <Filter>Header Files</Filter>
    </ClInclude>
    <ClInclude Include="Input.h">
      <Filter>Header Files</Filter>
    </ClInclude>
    <ClInclude Include="Timer.h">
      <Filter>Header Files</Filter>
    </ClInclude>
    <ClInclude Include="FpsMonitor.h">
      <Filter>Header Files</Filter>
    </ClInclude>
    <ClInclude Include="CameraControl.h">
      <Filter>Header Files</Filter>
    </ClInclude>
    <ClInclude Include="RogueObjectType.h">
      <Filter>Header Files</Filter>
    </ClInclude>
    <ClInclude Include="RogueObject.h">
      <Filter>Header Files</Filter>
    </ClInclude>
    <ClInclude Include="EntityControl.h">
      <Filter>Header Files</Filter>
    </ClInclude>
    <ClInclude Include="LevelIO.h">
      <Filter>Header Files</Filter>
    </ClInclude>
    <ClInclude Include="Level.h">
      <Filter>Header Files</Filter>
    </ClInclude>
    <ClInclude Include="ATST.h">
      <Filter>Header Files\objects</Filter>
    </ClInclude>
    <ClInclude Include="ATAT.h">
      <Filter>Header Files\objects</Filter>
    </ClInclude>
    <ClInclude Include="Wingman.h">
      <Filter>Header Files\objects</Filter>
    </ClInclude>
    <ClInclude Include="LevelObject1.h">
      <Filter>Header Files\objects</Filter>
    </ClInclude>
    <ClInclude Include="LevelObject2.h">
      <Filter>Header Files\objects</Filter>
    </ClInclude>
    <ClInclude Include="RebTrans.h">
      <Filter>Header Files\objects</Filter>
    </ClInclude>
    <ClInclude Include="RebCombat.h">
      <Filter>Header Files\objects</Filter>
    </ClInclude>
    <ClInclude Include="TIE_Bomber.h">
      <Filter>Header Files\objects</Filter>
    </ClInclude>
    <ClInclude Include="TIE_Inter.h">
      <Filter>Header Files\objects</Filter>
    </ClInclude>
    <ClInclude Include="Generator.h">
      <Filter>Header Files\objects</Filter>
    </ClInclude>
    <ClInclude Include="GunTurret.h">
      <Filter>Header Files\objects</Filter>
    </ClInclude>
    <ClInclude Include="MegaTurret.h">
      <Filter>Header Files\objects</Filter>
    </ClInclude>
    <ClInclude Include="Shuttle.h">
      <Filter>Header Files\objects</Filter>
    </ClInclude>
    <ClInclude Include="PlayerStart.h">
      <Filter>Header Files\objects</Filter>
    </ClInclude>
    <ClInclude Include="PlayerRestart.h">
      <Filter>Header Files\objects</Filter>
    </ClInclude>
    <ClInclude Include="Stormtrooper.h">
      <Filter>Header Files\objects</Filter>
    </ClInclude>
    <ClInclude Include="Civilian.h">
      <Filter>Header Files\objects</Filter>
    </ClInclude>
    <ClInclude Include="NonDestructible.h">
      <Filter>Header Files\objects</Filter>
    </ClInclude>
    <ClInclude Include="ProbeDroid.h">
      <Filter>Header Files\objects</Filter>
    </ClInclude>
    <ClInclude Include="GenericDestroyable.h">
      <Filter>Header Files\objects</Filter>
    </ClInclude>
    <ClInclude Include="DbgShape.h">
      <Filter>Header Files</Filter>
    </ClInclude>
    <ClInclude Include="TerrainLitShader.h">
      <Filter>Header Files</Filter>
    </ClInclude>
    <ClInclude Include="DbgShapeShader.h">
      <Filter>Header Files</Filter>
    </ClInclude>
    <ClInclude Include="Text.h">
      <Filter>Header Files</Filter>
    </ClInclude>
    <ClInclude Include="Font.h">
      <Filter>Header Files</Filter>
    </ClInclude>
    <ClInclude Include="FontShader.h">
      <Filter>Header Files</Filter>
    </ClInclude>
    <ClInclude Include="DbgShapeBox.h">
      <Filter>Header Files</Filter>
    </ClInclude>
    <ClInclude Include="DbgShapeSphere.h">
      <Filter>Header Files</Filter>
    </ClInclude>
    <ClInclude Include="Spline.h">
      <Filter>Header Files</Filter>
    </ClInclude>
    <ClInclude Include="Box.h">
      <Filter>Header Files\shapes</Filter>
    </ClInclude>
    <ClInclude Include="Shape.h">
      <Filter>Header Files\shapes</Filter>
    </ClInclude>
    <ClInclude Include="Sphere.h">
      <Filter>Header Files\shapes</Filter>
    </ClInclude>
    <ClInclude Include="FontBuilder.h">
      <Filter>Header Files</Filter>
    </ClInclude>
  </ItemGroup>
  <ItemGroup>
    <ClCompile Include="RogueEd.cpp">
      <Filter>Source Files</Filter>
    </ClCompile>
    <ClCompile Include="DataIO.cpp">
      <Filter>Source Files</Filter>
    </ClCompile>
    <ClCompile Include="Graphics.cpp">
      <Filter>Source Files</Filter>
    </ClCompile>
    <ClCompile Include="D3DSystem.cpp">
      <Filter>Source Files</Filter>
    </ClCompile>
    <ClCompile Include="HOB.cpp">
      <Filter>Source Files</Filter>
    </ClCompile>
    <ClCompile Include="Input.cpp">
      <Filter>Source Files</Filter>
    </ClCompile>
    <ClCompile Include="MainSystem.cpp">
      <Filter>Source Files</Filter>
    </ClCompile>
    <ClCompile Include="TestShader.cpp">
      <Filter>Source Files</Filter>
    </ClCompile>
    <ClCompile Include="TestCamera.cpp">
      <Filter>Source Files</Filter>
    </ClCompile>
    <ClCompile Include="HMT.cpp">
      <Filter>Source Files</Filter>
    </ClCompile>
    <ClCompile Include="Timer.cpp">
      <Filter>Source Files</Filter>
    </ClCompile>
    <ClCompile Include="FpsMonitor.cpp">
      <Filter>Source Files</Filter>
    </ClCompile>
    <ClCompile Include="CameraControl.cpp">
      <Filter>Source Files</Filter>
    </ClCompile>
    <ClCompile Include="RogueObject.cpp">
      <Filter>Source Files</Filter>
    </ClCompile>
    <ClCompile Include="Level.cpp">
      <Filter>Source Files</Filter>
    </ClCompile>
    <ClCompile Include="LevelIO.cpp">
      <Filter>Source Files</Filter>
    </ClCompile>
    <ClCompile Include="ATAT.cpp">
      <Filter>Source Files\objects</Filter>
    </ClCompile>
    <ClCompile Include="ATST.cpp">
      <Filter>Source Files\objects</Filter>
    </ClCompile>
    <ClCompile Include="NonDestructible.cpp">
      <Filter>Source Files\objects</Filter>
    </ClCompile>
    <ClCompile Include="GunTurret.cpp">
      <Filter>Source Files\objects</Filter>
    </ClCompile>
    <ClCompile Include="RebTrans.cpp">
      <Filter>Source Files\objects</Filter>
    </ClCompile>
    <ClCompile Include="RebCombat.cpp">
      <Filter>Source Files\objects</Filter>
    </ClCompile>
    <ClCompile Include="ProbeDroid.cpp">
      <Filter>Source Files\objects</Filter>
    </ClCompile>
    <ClCompile Include="GenericDestroyable.cpp">
      <Filter>Source Files\objects</Filter>
    </ClCompile>
    <ClCompile Include="Stormtrooper.cpp">
      <Filter>Source Files\objects</Filter>
    </ClCompile>
    <ClCompile Include="Civilian.cpp">
      <Filter>Source Files\objects</Filter>
    </ClCompile>
    <ClCompile Include="MegaTurret.cpp">
      <Filter>Source Files\objects</Filter>
    </ClCompile>
    <ClCompile Include="TIE_Bomber.cpp">
      <Filter>Source Files\objects</Filter>
    </ClCompile>
    <ClCompile Include="DbgShape.cpp">
      <Filter>Source Files</Filter>
    </ClCompile>
    <ClCompile Include="TerrainLitShader.cpp">
      <Filter>Source Files</Filter>
    </ClCompile>
    <ClCompile Include="DbgShapeShader.cpp">
      <Filter>Source Files</Filter>
    </ClCompile>
    <ClCompile Include="DbgShapeBox.cpp">
      <Filter>Source Files</Filter>
    </ClCompile>
    <ClCompile Include="DbgShapeSphere.cpp">
      <Filter>Source Files</Filter>
    </ClCompile>
    <ClCompile Include="Spline.cpp">
      <Filter>Source Files</Filter>
    </ClCompile>
    <ClCompile Include="Text.cpp">
      <Filter>Source Files</Filter>
    </ClCompile>
    <ClCompile Include="FontShader.cpp">
      <Filter>Source Files</Filter>
    </ClCompile>
    <ClCompile Include="Shape.cpp">
      <Filter>Source Files\shapes</Filter>
    </ClCompile>
    <ClCompile Include="Box.cpp">
      <Filter>Source Files\shapes</Filter>
    </ClCompile>
    <ClCompile Include="Sphere.cpp">
      <Filter>Source Files\shapes</Filter>
    </ClCompile>
    <ClCompile Include="FontBuilder.cpp">
      <Filter>Source Files</Filter>
    </ClCompile>
    <ClCompile Include="Font.cpp">
      <Filter>Source Files</Filter>
    </ClCompile>
  </ItemGroup>
  <ItemGroup>
    <ResourceCompile Include="RogueEd.rc">
      <Filter>Resource Files</Filter>
    </ResourceCompile>
  </ItemGroup>
  <ItemGroup>
    <Image Include="small.ico">
      <Filter>Resource Files</Filter>
    </Image>
    <Image Include="RogueEd.ico">
      <Filter>Resource Files</Filter>
    </Image>
  </ItemGroup>
</Project>